
Microsoft Visual Studio Solution File, Format Version 12.00
# Visual Studio 15
VisualStudioVersion = 15.0.27130.2036
MinimumVisualStudioVersion = 10.0.40219.1
Project("{FAE04EC0-301F-11D3-BF4B-00C04F79EFBC}") = "CefSharpTestbed", "CefSharpTestbed\CefSharpTestbed.csproj", "{DB2F812E-0422-48B9-8A66-204429A5CB71}"
EndProject
Project("{FAE04EC0-301F-11D3-BF4B-00C04F79EFBC}") = "AngularTestbed", "AngularTestbed\AngularTestbed.csproj", "{949E8689-6CEF-4A58-937D-82A6CAE3DDE3}"
EndProject
Global
	GlobalSection(SolutionConfigurationPlatforms) = preSolution
		Debug|Any CPU = Debug|Any CPU
		Release|Any CPU = Release|Any CPU
	EndGlobalSection
	GlobalSection(ProjectConfigurationPlatforms) = postSolution
		{DB2F812E-0422-48B9-8A66-204429A5CB71}.Debug|Any CPU.ActiveCfg = Debug|Any CPU
		{DB2F812E-0422-48B9-8A66-204429A5CB71}.Debug|Any CPU.Build.0 = Debug|Any CPU
		{DB2F812E-0422-48B9-8A66-204429A5CB71}.Release|Any CPU.ActiveCfg = Release|Any CPU
		{DB2F812E-0422-48B9-8A66-204429A5CB71}.Release|Any CPU.Build.0 = Release|Any CPU
		{949E8689-6CEF-4A58-937D-82A6CAE3DDE3}.Debug|Any CPU.ActiveCfg = Debug|Any CPU
		{949E8689-6CEF-4A58-937D-82A6CAE3DDE3}.Debug|Any CPU.Build.0 = Debug|Any CPU
		{949E8689-6CEF-4A58-937D-82A6CAE3DDE3}.Release|Any CPU.ActiveCfg = Release|Any CPU
		{949E8689-6CEF-4A58-937D-82A6CAE3DDE3}.Release|Any CPU.Build.0 = Release|Any CPU
	EndGlobalSection
	GlobalSection(SolutionProperties) = preSolution
		HideSolutionNode = FALSE
	EndGlobalSection
	GlobalSection(ExtensibilityGlobals) = postSolution
		SolutionGuid = {9EFD17E2-385A-47D2-901F-CC552128044C}
	EndGlobalSection
EndGlobal
